// !$*UTF8*$!
{
	archiveVersion = 1;
	classes = {
	};
	objectVersion = 56;
	objects = {

/* Begin PBXBuildFile section */
		524BD587290D73520000B04B /* ASCII_PhotoApp.swift in Sources */ = {isa = PBXBuildFile; fileRef = 524BD586290D73520000B04B /* ASCII_PhotoApp.swift */; };
		524BD589290D73520000B04B /* SelectedImageView.swift in Sources */ = {isa = PBXBuildFile; fileRef = 524BD588290D73520000B04B /* SelectedImageView.swift */; };
		524BD58B290D73530000B04B /* Assets.xcassets in Resources */ = {isa = PBXBuildFile; fileRef = 524BD58A290D73530000B04B /* Assets.xcassets */; };
		524C68242916D4A400A355C6 /* ImageModel.swift in Sources */ = {isa = PBXBuildFile; fileRef = 524C68232916D4A400A355C6 /* ImageModel.swift */; };
		524C68282917095D00A355C6 /* CanvasView.swift in Sources */ = {isa = PBXBuildFile; fileRef = 524C68272917095D00A355C6 /* CanvasView.swift */; };
		A62D45222946459900AE4981 /* Media.xcassets in Resources */ = {isa = PBXBuildFile; fileRef = A6803B0329463A2C00057E4A /* Media.xcassets */; };
		A6803AFD294638EE00057E4A /* ASCII_PhotoTests.swift in Sources */ = {isa = PBXBuildFile; fileRef = A6803AFC294638EE00057E4A /* ASCII_PhotoTests.swift */; };
		A69175982950C17B00ABE9D7 /* ImagePreviewView.swift in Sources */ = {isa = PBXBuildFile; fileRef = A69175972950C17B00ABE9D7 /* ImagePreviewView.swift */; };
		A6A52439293BC88C0043BD08 /* GeneratedImageView.swift in Sources */ = {isa = PBXBuildFile; fileRef = A6A52438293BC88C0043BD08 /* GeneratedImageView.swift */; };
		A6A5243B293E4B380043BD08 /* Glyphs.swift in Sources */ = {isa = PBXBuildFile; fileRef = A6A5243A293E4B380043BD08 /* Glyphs.swift */; };
		A6A5243E293E76790043BD08 /* AlertError.swift in Sources */ = {isa = PBXBuildFile; fileRef = A6A5243D293E76790043BD08 /* AlertError.swift */; };
		A6A52441293FF4380043BD08 /* Camera.swift in Sources */ = {isa = PBXBuildFile; fileRef = A6A52440293FF4380043BD08 /* Camera.swift */; };
		A6A524432941019C0043BD08 /* CameraView.swift in Sources */ = {isa = PBXBuildFile; fileRef = A6A524422941019C0043BD08 /* CameraView.swift */; };
		A6A52445294112E50043BD08 /* ViewfinderView.swift in Sources */ = {isa = PBXBuildFile; fileRef = A6A52444294112E50043BD08 /* ViewfinderView.swift */; };
		A6B0500E293B76BA00A5C82E /* ImageToGlyphsParser.swift in Sources */ = {isa = PBXBuildFile; fileRef = A6B0500D293B76BA00A5C82E /* ImageToGlyphsParser.swift */; };
/* End PBXBuildFile section */

/* Begin PBXContainerItemProxy section */
		A6803AFE294638EE00057E4A /* PBXContainerItemProxy */ = {
			isa = PBXContainerItemProxy;
			containerPortal = 524BD57B290D73520000B04B /* Project object */;
			proxyType = 1;
			remoteGlobalIDString = 524BD582290D73520000B04B;
			remoteInfo = "ASCII Photo";
		};
/* End PBXContainerItemProxy section */

/* Begin PBXFileReference section */
		524BD583290D73520000B04B /* ASCII Photo.app */ = {isa = PBXFileReference; explicitFileType = wrapper.application; includeInIndex = 0; path = "ASCII Photo.app"; sourceTree = BUILT_PRODUCTS_DIR; };
		524BD586290D73520000B04B /* ASCII_PhotoApp.swift */ = {isa = PBXFileReference; lastKnownFileType = sourcecode.swift; path = ASCII_PhotoApp.swift; sourceTree = "<group>"; };
		524BD588290D73520000B04B /* SelectedImageView.swift */ = {isa = PBXFileReference; lastKnownFileType = sourcecode.swift; path = SelectedImageView.swift; sourceTree = "<group>"; };
		524BD58A290D73530000B04B /* Assets.xcassets */ = {isa = PBXFileReference; lastKnownFileType = folder.assetcatalog; path = Assets.xcassets; sourceTree = "<group>"; };
		524BD58C290D73530000B04B /* ASCII_Photo.entitlements */ = {isa = PBXFileReference; lastKnownFileType = text.plist.entitlements; path = ASCII_Photo.entitlements; sourceTree = "<group>"; };
		524C68232916D4A400A355C6 /* ImageModel.swift */ = {isa = PBXFileReference; lastKnownFileType = sourcecode.swift; path = ImageModel.swift; sourceTree = "<group>"; };
		524C68272917095D00A355C6 /* CanvasView.swift */ = {isa = PBXFileReference; lastKnownFileType = sourcecode.swift; path = CanvasView.swift; sourceTree = "<group>"; };
		A62D45252948DEBC00AE4981 /* README.md */ = {isa = PBXFileReference; lastKnownFileType = net.daringfireball.markdown; path = README.md; sourceTree = "<group>"; };
		A6803AFA294638EE00057E4A /* ASCII PhotoTests.xctest */ = {isa = PBXFileReference; explicitFileType = wrapper.cfbundle; includeInIndex = 0; path = "ASCII PhotoTests.xctest"; sourceTree = BUILT_PRODUCTS_DIR; };
		A6803AFC294638EE00057E4A /* ASCII_PhotoTests.swift */ = {isa = PBXFileReference; lastKnownFileType = sourcecode.swift; path = ASCII_PhotoTests.swift; sourceTree = "<group>"; };
		A6803B0329463A2C00057E4A /* Media.xcassets */ = {isa = PBXFileReference; lastKnownFileType = folder.assetcatalog; path = Media.xcassets; sourceTree = "<group>"; };
		A69175972950C17B00ABE9D7 /* ImagePreviewView.swift */ = {isa = PBXFileReference; lastKnownFileType = sourcecode.swift; path = ImagePreviewView.swift; sourceTree = "<group>"; };
		A6A52438293BC88C0043BD08 /* GeneratedImageView.swift */ = {isa = PBXFileReference; lastKnownFileType = sourcecode.swift; path = GeneratedImageView.swift; sourceTree = "<group>"; };
		A6A5243A293E4B380043BD08 /* Glyphs.swift */ = {isa = PBXFileReference; lastKnownFileType = sourcecode.swift; path = Glyphs.swift; sourceTree = "<group>"; };
		A6A5243D293E76790043BD08 /* AlertError.swift */ = {isa = PBXFileReference; lastKnownFileType = sourcecode.swift; path = AlertError.swift; sourceTree = "<group>"; };
		A6A52440293FF4380043BD08 /* Camera.swift */ = {isa = PBXFileReference; lastKnownFileType = sourcecode.swift; path = Camera.swift; sourceTree = "<group>"; };
		A6A524422941019C0043BD08 /* CameraView.swift */ = {isa = PBXFileReference; lastKnownFileType = sourcecode.swift; path = CameraView.swift; sourceTree = "<group>"; };
		A6A52444294112E50043BD08 /* ViewfinderView.swift */ = {isa = PBXFileReference; lastKnownFileType = sourcecode.swift; path = ViewfinderView.swift; sourceTree = "<group>"; };
		A6B0500D293B76BA00A5C82E /* ImageToGlyphsParser.swift */ = {isa = PBXFileReference; lastKnownFileType = sourcecode.swift; path = ImageToGlyphsParser.swift; sourceTree = "<group>"; };
/* End PBXFileReference section */

/* Begin PBXFrameworksBuildPhase section */
		524BD580290D73520000B04B /* Frameworks */ = {
			isa = PBXFrameworksBuildPhase;
			buildActionMask = 2147483647;
			files = (
			);
			runOnlyForDeploymentPostprocessing = 0;
		};
		A6803AF7294638EE00057E4A /* Frameworks */ = {
			isa = PBXFrameworksBuildPhase;
			buildActionMask = 2147483647;
			files = (
			);
			runOnlyForDeploymentPostprocessing = 0;
		};
/* End PBXFrameworksBuildPhase section */

/* Begin PBXGroup section */
		524BD57A290D73520000B04B = {
			isa = PBXGroup;
			children = (
				A62D45252948DEBC00AE4981 /* README.md */,
				524BD585290D73520000B04B /* ASCII Photo */,
				A6803AFB294638EE00057E4A /* ASCII PhotoTests */,
				524BD584290D73520000B04B /* Products */,
			);
			sourceTree = "<group>";
		};
		524BD584290D73520000B04B /* Products */ = {
			isa = PBXGroup;
			children = (
				524BD583290D73520000B04B /* ASCII Photo.app */,
				A6803AFA294638EE00057E4A /* ASCII PhotoTests.xctest */,
			);
			name = Products;
			sourceTree = "<group>";
		};
		524BD585290D73520000B04B /* ASCII Photo */ = {
			isa = PBXGroup;
			children = (
				524BD586290D73520000B04B /* ASCII_PhotoApp.swift */,
				A68E1438293B75BF004277B0 /* Views */,
				A66EEE2F29B198A10087B500 /* Models */,
				A6A5243C293E4CC80043BD08 /* Support */,
				A68E1439293B763C004277B0 /* Resources */,
			);
			path = "ASCII Photo";
			sourceTree = "<group>";
		};
		A66EEE2E29B198890087B500 /* Comps */ = {
			isa = PBXGroup;
			children = (
				A6A52444294112E50043BD08 /* ViewfinderView.swift */,
			);
			path = Comps;
			sourceTree = "<group>";
		};
		A66EEE2F29B198A10087B500 /* Models */ = {
			isa = PBXGroup;
			children = (
				524C68232916D4A400A355C6 /* ImageModel.swift */,
			);
			path = Models;
			sourceTree = "<group>";
		};
		A6803AFB294638EE00057E4A /* ASCII PhotoTests */ = {
			isa = PBXGroup;
			children = (
				A6803AFC294638EE00057E4A /* ASCII_PhotoTests.swift */,
				A6803B0329463A2C00057E4A /* Media.xcassets */,
			);
			path = "ASCII PhotoTests";
			sourceTree = "<group>";
		};
		A68E1438293B75BF004277B0 /* Views */ = {
			isa = PBXGroup;
			children = (
				524C68272917095D00A355C6 /* CanvasView.swift */,
				A6A524422941019C0043BD08 /* CameraView.swift */,
				A6A52438293BC88C0043BD08 /* GeneratedImageView.swift */,
				524BD588290D73520000B04B /* SelectedImageView.swift */,
				A66EEE2E29B198890087B500 /* Comps */,
				A69175992950C4EC00ABE9D7 /* Representables */,
				A6A5243F293E76F00043BD08 /* Modifiers */,
			);
			path = Views;
			sourceTree = "<group>";
		};
		A68E1439293B763C004277B0 /* Resources */ = {
			isa = PBXGroup;
			children = (
				524BD58A290D73530000B04B /* Assets.xcassets */,
				524BD58C290D73530000B04B /* ASCII_Photo.entitlements */,
			);
			path = Resources;
			sourceTree = "<group>";
		};
		A69175992950C4EC00ABE9D7 /* Representables */ = {
			isa = PBXGroup;
			children = (
				A69175972950C17B00ABE9D7 /* ImagePreviewView.swift */,
			);
			path = Representables;
			sourceTree = "<group>";
		};
		A6A5243C293E4CC80043BD08 /* Support */ = {
			isa = PBXGroup;
			children = (
				A6A5243A293E4B380043BD08 /* Glyphs.swift */,
				A6B0500D293B76BA00A5C82E /* ImageToGlyphsParser.swift */,
				A6A52440293FF4380043BD08 /* Camera.swift */,
			);
			path = Support;
			sourceTree = "<group>";
		};
		A6A5243F293E76F00043BD08 /* Modifiers */ = {
			isa = PBXGroup;
			children = (
				A6A5243D293E76790043BD08 /* AlertError.swift */,
			);
			path = Modifiers;
			sourceTree = "<group>";
		};
/* End PBXGroup section */

/* Begin PBXNativeTarget section */
		524BD582290D73520000B04B /* ASCII Photo */ = {
			isa = PBXNativeTarget;
			buildConfigurationList = 524BD592290D73530000B04B /* Build configuration list for PBXNativeTarget "ASCII Photo" */;
			buildPhases = (
				524BD57F290D73520000B04B /* Sources */,
				524BD580290D73520000B04B /* Frameworks */,
				524BD581290D73520000B04B /* Resources */,
			);
			buildRules = (
			);
			dependencies = (
			);
			name = "ASCII Photo";
			productName = "ASCII Photo";
			productReference = 524BD583290D73520000B04B /* ASCII Photo.app */;
			productType = "com.apple.product-type.application";
		};
		A6803AF9294638EE00057E4A /* ASCII PhotoTests */ = {
			isa = PBXNativeTarget;
			buildConfigurationList = A6803B02294638EE00057E4A /* Build configuration list for PBXNativeTarget "ASCII PhotoTests" */;
			buildPhases = (
				A6803AF6294638EE00057E4A /* Sources */,
				A6803AF7294638EE00057E4A /* Frameworks */,
				A6803AF8294638EE00057E4A /* Resources */,
			);
			buildRules = (
			);
			dependencies = (
				A6803AFF294638EE00057E4A /* PBXTargetDependency */,
			);
			name = "ASCII PhotoTests";
			productName = "ASCII PhotoTests";
			productReference = A6803AFA294638EE00057E4A /* ASCII PhotoTests.xctest */;
			productType = "com.apple.product-type.bundle.unit-test";
		};
/* End PBXNativeTarget section */

/* Begin PBXProject section */
		524BD57B290D73520000B04B /* Project object */ = {
			isa = PBXProject;
			attributes = {
				BuildIndependentTargetsInParallel = 1;
				LastSwiftUpdateCheck = 1410;
				LastUpgradeCheck = 1410;
				TargetAttributes = {
					524BD582290D73520000B04B = {
						CreatedOnToolsVersion = 14.0.1;
					};
					A6803AF9294638EE00057E4A = {
						CreatedOnToolsVersion = 14.1;
						TestTargetID = 524BD582290D73520000B04B;
					};
				};
			};
			buildConfigurationList = 524BD57E290D73520000B04B /* Build configuration list for PBXProject "ASCII Photo" */;
			compatibilityVersion = "Xcode 14.0";
			developmentRegion = en;
			hasScannedForEncodings = 0;
			knownRegions = (
				en,
				Base,
			);
			mainGroup = 524BD57A290D73520000B04B;
			productRefGroup = 524BD584290D73520000B04B /* Products */;
			projectDirPath = "";
			projectRoot = "";
			targets = (
				524BD582290D73520000B04B /* ASCII Photo */,
				A6803AF9294638EE00057E4A /* ASCII PhotoTests */,
			);
		};
/* End PBXProject section */

/* Begin PBXResourcesBuildPhase section */
		524BD581290D73520000B04B /* Resources */ = {
			isa = PBXResourcesBuildPhase;
			buildActionMask = 2147483647;
			files = (
				524BD58B290D73530000B04B /* Assets.xcassets in Resources */,
			);
			runOnlyForDeploymentPostprocessing = 0;
		};
		A6803AF8294638EE00057E4A /* Resources */ = {
			isa = PBXResourcesBuildPhase;
			buildActionMask = 2147483647;
			files = (
				A62D45222946459900AE4981 /* Media.xcassets in Resources */,
			);
			runOnlyForDeploymentPostprocessing = 0;
		};
/* End PBXResourcesBuildPhase section */

/* Begin PBXSourcesBuildPhase section */
		524BD57F290D73520000B04B /* Sources */ = {
			isa = PBXSourcesBuildPhase;
			buildActionMask = 2147483647;
			files = (
				A6A52439293BC88C0043BD08 /* GeneratedImageView.swift in Sources */,
				A69175982950C17B00ABE9D7 /* ImagePreviewView.swift in Sources */,
				524BD589290D73520000B04B /* SelectedImageView.swift in Sources */,
				A6A5243B293E4B380043BD08 /* Glyphs.swift in Sources */,
				A6A524432941019C0043BD08 /* CameraView.swift in Sources */,
				524C68242916D4A400A355C6 /* ImageModel.swift in Sources */,
				524C68282917095D00A355C6 /* CanvasView.swift in Sources */,
				A6A52445294112E50043BD08 /* ViewfinderView.swift in Sources */,
				A6A5243E293E76790043BD08 /* AlertError.swift in Sources */,
				A6B0500E293B76BA00A5C82E /* ImageToGlyphsParser.swift in Sources */,
				524BD587290D73520000B04B /* ASCII_PhotoApp.swift in Sources */,
				A6A52441293FF4380043BD08 /* Camera.swift in Sources */,
			);
			runOnlyForDeploymentPostprocessing = 0;
		};
		A6803AF6294638EE00057E4A /* Sources */ = {
			isa = PBXSourcesBuildPhase;
			buildActionMask = 2147483647;
			files = (
				A6803AFD294638EE00057E4A /* ASCII_PhotoTests.swift in Sources */,
			);
			runOnlyForDeploymentPostprocessing = 0;
		};
/* End PBXSourcesBuildPhase section */

/* Begin PBXTargetDependency section */
		A6803AFF294638EE00057E4A /* PBXTargetDependency */ = {
			isa = PBXTargetDependency;
			target = 524BD582290D73520000B04B /* ASCII Photo */;
			targetProxy = A6803AFE294638EE00057E4A /* PBXContainerItemProxy */;
		};
/* End PBXTargetDependency section */

/* Begin XCBuildConfiguration section */
		524BD590290D73530000B04B /* Debug */ = {
			isa = XCBuildConfiguration;
			buildSettings = {
				ALWAYS_SEARCH_USER_PATHS = NO;
				CLANG_ANALYZER_NONNULL = YES;
				CLANG_ANALYZER_NUMBER_OBJECT_CONVERSION = YES_AGGRESSIVE;
				CLANG_CXX_LANGUAGE_STANDARD = "gnu++20";
				CLANG_ENABLE_MODULES = YES;
				CLANG_ENABLE_OBJC_ARC = YES;
				CLANG_ENABLE_OBJC_WEAK = YES;
				CLANG_WARN_BLOCK_CAPTURE_AUTORELEASING = YES;
				CLANG_WARN_BOOL_CONVERSION = YES;
				CLANG_WARN_COMMA = YES;
				CLANG_WARN_CONSTANT_CONVERSION = YES;
				CLANG_WARN_DEPRECATED_OBJC_IMPLEMENTATIONS = YES;
				CLANG_WARN_DIRECT_OBJC_ISA_USAGE = YES_ERROR;
				CLANG_WARN_DOCUMENTATION_COMMENTS = YES;
				CLANG_WARN_EMPTY_BODY = YES;
				CLANG_WARN_ENUM_CONVERSION = YES;
				CLANG_WARN_INFINITE_RECURSION = YES;
				CLANG_WARN_INT_CONVERSION = YES;
				CLANG_WARN_NON_LITERAL_NULL_CONVERSION = YES;
				CLANG_WARN_OBJC_IMPLICIT_RETAIN_SELF = YES;
				CLANG_WARN_OBJC_LITERAL_CONVERSION = YES;
				CLANG_WARN_OBJC_ROOT_CLASS = YES_ERROR;
				CLANG_WARN_QUOTED_INCLUDE_IN_FRAMEWORK_HEADER = YES;
				CLANG_WARN_RANGE_LOOP_ANALYSIS = YES;
				CLANG_WARN_STRICT_PROTOTYPES = YES;
				CLANG_WARN_SUSPICIOUS_MOVE = YES;
				CLANG_WARN_UNGUARDED_AVAILABILITY = YES_AGGRESSIVE;
				CLANG_WARN_UNREACHABLE_CODE = YES;
				CLANG_WARN__DUPLICATE_METHOD_MATCH = YES;
				COPY_PHASE_STRIP = NO;
				DEAD_CODE_STRIPPING = YES;
				DEBUG_INFORMATION_FORMAT = dwarf;
				ENABLE_STRICT_OBJC_MSGSEND = YES;
				ENABLE_TESTABILITY = YES;
				GCC_C_LANGUAGE_STANDARD = gnu11;
				GCC_DYNAMIC_NO_PIC = NO;
				GCC_NO_COMMON_BLOCKS = YES;
				GCC_OPTIMIZATION_LEVEL = 0;
				GCC_PREPROCESSOR_DEFINITIONS = (
					"DEBUG=1",
					"$(inherited)",
				);
				GCC_WARN_64_TO_32_BIT_CONVERSION = YES;
				GCC_WARN_ABOUT_RETURN_TYPE = YES_ERROR;
				GCC_WARN_UNDECLARED_SELECTOR = YES;
				GCC_WARN_UNINITIALIZED_AUTOS = YES_AGGRESSIVE;
				GCC_WARN_UNUSED_FUNCTION = YES;
				GCC_WARN_UNUSED_VARIABLE = YES;
				MTL_ENABLE_DEBUG_INFO = INCLUDE_SOURCE;
				MTL_FAST_MATH = YES;
				ONLY_ACTIVE_ARCH = YES;
				SWIFT_ACTIVE_COMPILATION_CONDITIONS = DEBUG;
				SWIFT_OPTIMIZATION_LEVEL = "-Onone";
			};
			name = Debug;
		};
		524BD591290D73530000B04B /* Release */ = {
			isa = XCBuildConfiguration;
			buildSettings = {
				ALWAYS_SEARCH_USER_PATHS = NO;
				CLANG_ANALYZER_NONNULL = YES;
				CLANG_ANALYZER_NUMBER_OBJECT_CONVERSION = YES_AGGRESSIVE;
				CLANG_CXX_LANGUAGE_STANDARD = "gnu++20";
				CLANG_ENABLE_MODULES = YES;
				CLANG_ENABLE_OBJC_ARC = YES;
				CLANG_ENABLE_OBJC_WEAK = YES;
				CLANG_WARN_BLOCK_CAPTURE_AUTORELEASING = YES;
				CLANG_WARN_BOOL_CONVERSION = YES;
				CLANG_WARN_COMMA = YES;
				CLANG_WARN_CONSTANT_CONVERSION = YES;
				CLANG_WARN_DEPRECATED_OBJC_IMPLEMENTATIONS = YES;
				CLANG_WARN_DIRECT_OBJC_ISA_USAGE = YES_ERROR;
				CLANG_WARN_DOCUMENTATION_COMMENTS = YES;
				CLANG_WARN_EMPTY_BODY = YES;
				CLANG_WARN_ENUM_CONVERSION = YES;
				CLANG_WARN_INFINITE_RECURSION = YES;
				CLANG_WARN_INT_CONVERSION = YES;
				CLANG_WARN_NON_LITERAL_NULL_CONVERSION = YES;
				CLANG_WARN_OBJC_IMPLICIT_RETAIN_SELF = YES;
				CLANG_WARN_OBJC_LITERAL_CONVERSION = YES;
				CLANG_WARN_OBJC_ROOT_CLASS = YES_ERROR;
				CLANG_WARN_QUOTED_INCLUDE_IN_FRAMEWORK_HEADER = YES;
				CLANG_WARN_RANGE_LOOP_ANALYSIS = YES;
				CLANG_WARN_STRICT_PROTOTYPES = YES;
				CLANG_WARN_SUSPICIOUS_MOVE = YES;
				CLANG_WARN_UNGUARDED_AVAILABILITY = YES_AGGRESSIVE;
				CLANG_WARN_UNREACHABLE_CODE = YES;
				CLANG_WARN__DUPLICATE_METHOD_MATCH = YES;
				COPY_PHASE_STRIP = NO;
				DEAD_CODE_STRIPPING = YES;
				DEBUG_INFORMATION_FORMAT = "dwarf-with-dsym";
				ENABLE_NS_ASSERTIONS = NO;
				ENABLE_STRICT_OBJC_MSGSEND = YES;
				GCC_C_LANGUAGE_STANDARD = gnu11;
				GCC_NO_COMMON_BLOCKS = YES;
				GCC_WARN_64_TO_32_BIT_CONVERSION = YES;
				GCC_WARN_ABOUT_RETURN_TYPE = YES_ERROR;
				GCC_WARN_UNDECLARED_SELECTOR = YES;
				GCC_WARN_UNINITIALIZED_AUTOS = YES_AGGRESSIVE;
				GCC_WARN_UNUSED_FUNCTION = YES;
				GCC_WARN_UNUSED_VARIABLE = YES;
				MTL_ENABLE_DEBUG_INFO = NO;
				MTL_FAST_MATH = YES;
				SWIFT_COMPILATION_MODE = wholemodule;
				SWIFT_OPTIMIZATION_LEVEL = "-O";
			};
			name = Release;
		};
		524BD593290D73530000B04B /* Debug */ = {
			isa = XCBuildConfiguration;
			buildSettings = {
				ASSETCATALOG_COMPILER_APPICON_NAME = AppIcon;
				ASSETCATALOG_COMPILER_GLOBAL_ACCENT_COLOR_NAME = AccentColor;
				CODE_SIGN_ENTITLEMENTS = "ASCII Photo/Resources/ASCII_Photo.entitlements";
				CODE_SIGN_IDENTITY = "-";
				"CODE_SIGN_IDENTITY[sdk=iphoneos*]" = "Apple Development";
				CODE_SIGN_STYLE = Automatic;
				CURRENT_PROJECT_VERSION = 1;
				DEAD_CODE_STRIPPING = YES;
				DEVELOPMENT_TEAM = 39UYTBG4RA;
				ENABLE_HARDENED_RUNTIME = YES;
				ENABLE_PREVIEWS = YES;
				GENERATE_INFOPLIST_FILE = YES;
				INFOPLIST_KEY_NSCameraUsageDescription = "Camera permission needed";
				"INFOPLIST_KEY_UIApplicationSceneManifest_Generation[sdk=iphoneos*]" = YES;
				"INFOPLIST_KEY_UIApplicationSceneManifest_Generation[sdk=iphonesimulator*]" = YES;
				"INFOPLIST_KEY_UIApplicationSupportsIndirectInputEvents[sdk=iphoneos*]" = YES;
				"INFOPLIST_KEY_UIApplicationSupportsIndirectInputEvents[sdk=iphonesimulator*]" = YES;
				"INFOPLIST_KEY_UILaunchScreen_Generation[sdk=iphoneos*]" = YES;
				"INFOPLIST_KEY_UILaunchScreen_Generation[sdk=iphonesimulator*]" = YES;
				"INFOPLIST_KEY_UIStatusBarStyle[sdk=iphoneos*]" = UIStatusBarStyleDefault;
				"INFOPLIST_KEY_UIStatusBarStyle[sdk=iphonesimulator*]" = UIStatusBarStyleDefault;
				INFOPLIST_KEY_UISupportedInterfaceOrientations_iPad = "UIInterfaceOrientationPortrait UIInterfaceOrientationPortraitUpsideDown UIInterfaceOrientationLandscapeLeft UIInterfaceOrientationLandscapeRight";
				INFOPLIST_KEY_UISupportedInterfaceOrientations_iPhone = "UIInterfaceOrientationPortrait UIInterfaceOrientationLandscapeLeft UIInterfaceOrientationLandscapeRight";
				IPHONEOS_DEPLOYMENT_TARGET = 16.0;
				LD_RUNPATH_SEARCH_PATHS = "@executable_path/Frameworks";
				"LD_RUNPATH_SEARCH_PATHS[sdk=macosx*]" = "@executable_path/../Frameworks";
				MACOSX_DEPLOYMENT_TARGET = 12.3;
				MARKETING_VERSION = 1.0;
				PRODUCT_BUNDLE_IDENTIFIER = "com.tomholmes.ASCII-Photo";
				PRODUCT_NAME = "$(TARGET_NAME)";
				SDKROOT = auto;
				SUPPORTED_PLATFORMS = "iphoneos iphonesimulator";
				SUPPORTS_MACCATALYST = NO;
				SUPPORTS_MAC_DESIGNED_FOR_IPHONE_IPAD = NO;
				SWIFT_EMIT_LOC_STRINGS = YES;
				SWIFT_VERSION = 5.0;
				TARGETED_DEVICE_FAMILY = "1,2";
			};
			name = Debug;
		};
		524BD594290D73530000B04B /* Release */ = {
			isa = XCBuildConfiguration;
			buildSettings = {
				ASSETCATALOG_COMPILER_APPICON_NAME = AppIcon;
				ASSETCATALOG_COMPILER_GLOBAL_ACCENT_COLOR_NAME = AccentColor;
				CODE_SIGN_ENTITLEMENTS = "ASCII Photo/Resources/ASCII_Photo.entitlements";
				CODE_SIGN_IDENTITY = "-";
				"CODE_SIGN_IDENTITY[sdk=iphoneos*]" = "Apple Development";
				CODE_SIGN_STYLE = Automatic;
				CURRENT_PROJECT_VERSION = 1;
				DEAD_CODE_STRIPPING = YES;
				DEVELOPMENT_TEAM = 39UYTBG4RA;
				ENABLE_HARDENED_RUNTIME = YES;
				ENABLE_PREVIEWS = YES;
				GENERATE_INFOPLIST_FILE = YES;
				INFOPLIST_KEY_NSCameraUsageDescription = "Camera permission needed";
				"INFOPLIST_KEY_UIApplicationSceneManifest_Generation[sdk=iphoneos*]" = YES;
				"INFOPLIST_KEY_UIApplicationSceneManifest_Generation[sdk=iphonesimulator*]" = YES;
				"INFOPLIST_KEY_UIApplicationSupportsIndirectInputEvents[sdk=iphoneos*]" = YES;
				"INFOPLIST_KEY_UIApplicationSupportsIndirectInputEvents[sdk=iphonesimulator*]" = YES;
				"INFOPLIST_KEY_UILaunchScreen_Generation[sdk=iphoneos*]" = YES;
				"INFOPLIST_KEY_UILaunchScreen_Generation[sdk=iphonesimulator*]" = YES;
				"INFOPLIST_KEY_UIStatusBarStyle[sdk=iphoneos*]" = UIStatusBarStyleDefault;
				"INFOPLIST_KEY_UIStatusBarStyle[sdk=iphonesimulator*]" = UIStatusBarStyleDefault;
				INFOPLIST_KEY_UISupportedInterfaceOrientations_iPad = "UIInterfaceOrientationPortrait UIInterfaceOrientationPortraitUpsideDown UIInterfaceOrientationLandscapeLeft UIInterfaceOrientationLandscapeRight";
				INFOPLIST_KEY_UISupportedInterfaceOrientations_iPhone = "UIInterfaceOrientationPortrait UIInterfaceOrientationLandscapeLeft UIInterfaceOrientationLandscapeRight";
				IPHONEOS_DEPLOYMENT_TARGET = 16.0;
				LD_RUNPATH_SEARCH_PATHS = "@executable_path/Frameworks";
				"LD_RUNPATH_SEARCH_PATHS[sdk=macosx*]" = "@executable_path/../Frameworks";
				MACOSX_DEPLOYMENT_TARGET = 12.3;
				MARKETING_VERSION = 1.0;
				PRODUCT_BUNDLE_IDENTIFIER = "com.tomholmes.ASCII-Photo";
				PRODUCT_NAME = "$(TARGET_NAME)";
				SDKROOT = auto;
				SUPPORTED_PLATFORMS = "iphoneos iphonesimulator";
				SUPPORTS_MACCATALYST = NO;
				SUPPORTS_MAC_DESIGNED_FOR_IPHONE_IPAD = NO;
				SWIFT_EMIT_LOC_STRINGS = YES;
				SWIFT_VERSION = 5.0;
				TARGETED_DEVICE_FAMILY = "1,2";
			};
			name = Release;
		};
		A6803B00294638EE00057E4A /* Debug */ = {
			isa = XCBuildConfiguration;
			buildSettings = {
				BUNDLE_LOADER = "$(TEST_HOST)";
				CODE_SIGN_STYLE = Automatic;
				CURRENT_PROJECT_VERSION = 1;
				DEVELOPMENT_TEAM = 39UYTBG4RA;
				GENERATE_INFOPLIST_FILE = YES;
				IPHONEOS_DEPLOYMENT_TARGET = 16.0;
				MARKETING_VERSION = 1.0;
				PRODUCT_BUNDLE_IDENTIFIER = "tomholmes.ASCII-PhotoTests";
				PRODUCT_NAME = "$(TARGET_NAME)";
				SDKROOT = iphoneos;
				SUPPORTED_PLATFORMS = "iphoneos iphonesimulator";
				SUPPORTS_MACCATALYST = NO;
				SUPPORTS_MAC_DESIGNED_FOR_IPHONE_IPAD = NO;
				SWIFT_EMIT_LOC_STRINGS = NO;
				SWIFT_VERSION = 5.0;
				TARGETED_DEVICE_FAMILY = "1,2";
				TEST_HOST = "$(BUILT_PRODUCTS_DIR)/ASCII Photo.app/$(BUNDLE_EXECUTABLE_FOLDER_PATH)/ASCII Photo";
			};
			name = Debug;
		};
		A6803B01294638EE00057E4A /* Release */ = {
			isa = XCBuildConfiguration;
			buildSettings = {
				BUNDLE_LOADER = "$(TEST_HOST)";
				CODE_SIGN_STYLE = Automatic;
				CURRENT_PROJECT_VERSION = 1;
				DEVELOPMENT_TEAM = 39UYTBG4RA;
				GENERATE_INFOPLIST_FILE = YES;
				IPHONEOS_DEPLOYMENT_TARGET = 16.0;
				MARKETING_VERSION = 1.0;
				PRODUCT_BUNDLE_IDENTIFIER = "tomholmes.ASCII-PhotoTests";
				PRODUCT_NAME = "$(TARGET_NAME)";
				SDKROOT = iphoneos;
				SUPPORTED_PLATFORMS = "iphoneos iphonesimulator";
				SUPPORTS_MACCATALYST = NO;
				SUPPORTS_MAC_DESIGNED_FOR_IPHONE_IPAD = NO;
				SWIFT_EMIT_LOC_STRINGS = NO;
				SWIFT_VERSION = 5.0;
				TARGETED_DEVICE_FAMILY = "1,2";
				TEST_HOST = "$(BUILT_PRODUCTS_DIR)/ASCII Photo.app/$(BUNDLE_EXECUTABLE_FOLDER_PATH)/ASCII Photo";
				VALIDATE_PRODUCT = YES;
			};
			name = Release;
		};
/* End XCBuildConfiguration section */

/* Begin XCConfigurationList section */
		524BD57E290D73520000B04B /* Build configuration list for PBXProject "ASCII Photo" */ = {
			isa = XCConfigurationList;
			buildConfigurations = (
				524BD590290D73530000B04B /* Debug */,
				524BD591290D73530000B04B /* Release */,
			);
			defaultConfigurationIsVisible = 0;
			defaultConfigurationName = Release;
		};
		524BD592290D73530000B04B /* Build configuration list for PBXNativeTarget "ASCII Photo" */ = {
			isa = XCConfigurationList;
			buildConfigurations = (
				524BD593290D73530000B04B /* Debug */,
				524BD594290D73530000B04B /* Release */,
			);
			defaultConfigurationIsVisible = 0;
			defaultConfigurationName = Release;
		};
		A6803B02294638EE00057E4A /* Build configuration list for PBXNativeTarget "ASCII PhotoTests" */ = {
			isa = XCConfigurationList;
			buildConfigurations = (
				A6803B00294638EE00057E4A /* Debug */,
				A6803B01294638EE00057E4A /* Release */,
			);
			defaultConfigurationIsVisible = 0;
			defaultConfigurationName = Release;
		};
/* End XCConfigurationList section */
	};
	rootObject = 524BD57B290D73520000B04B /* Project object */;
}
